
Microsoft Visual Studio Solution File, Format Version 12.00
# Visual Studio 15
VisualStudioVersion = 15.0.27703.2000
MinimumVisualStudioVersion = 10.0.40219.1
Project("{FAE04EC0-301F-11D3-BF4B-00C04F79EFBC}") = "Lands.Android", "Lands\Lands.Android\Lands.Android.csproj", "{C6A45D00-7D2B-47B5-90FA-FAF0B65B4B37}"
EndProject
Project("{FAE04EC0-301F-11D3-BF4B-00C04F79EFBC}") = "Lands.iOS", "Lands\Lands.iOS\Lands.iOS.csproj", "{0880D771-3A0B-4337-AA95-118003D422CB}"
EndProject
Project("{9A19103F-16F7-4668-BE54-9A1E7A4F7556}") = "Lands", "Lands\Lands\Lands.csproj", "{2B80C8A5-7D59-47D8-A5C0-13EFCC177E6B}"
EndProject
Project("{FAE04EC0-301F-11D3-BF4B-00C04F79EFBC}") = "Lands.Backend", "Lands.Backend\Lands.Backend.csproj", "{6332B54E-BE83-4C23-A432-9E5949775BAA}"
EndProject
Project("{FAE04EC0-301F-11D3-BF4B-00C04F79EFBC}") = "Lands.Api", "Lands.Api\Lands.Api.csproj", "{BDF4A50C-1F86-43D2-A10A-278F05296A40}"
EndProject
Project("{FAE04EC0-301F-11D3-BF4B-00C04F79EFBC}") = "Lands.Domains", "Lands.Domains\Lands.Domains.csproj", "{EA5484CE-FAF1-4D3A-951D-C4B8783EAE31}"
EndProject
Global
	GlobalSection(SolutionConfigurationPlatforms) = preSolution
		Ad-Hoc|Any CPU = Ad-Hoc|Any CPU
		Ad-Hoc|iPhone = Ad-Hoc|iPhone
		Ad-Hoc|iPhoneSimulator = Ad-Hoc|iPhoneSimulator
		AppStore|Any CPU = AppStore|Any CPU
		AppStore|iPhone = AppStore|iPhone
		AppStore|iPhoneSimulator = AppStore|iPhoneSimulator
		Debug|Any CPU = Debug|Any CPU
		Debug|iPhone = Debug|iPhone
		Debug|iPhoneSimulator = Debug|iPhoneSimulator
		Release|Any CPU = Release|Any CPU
		Release|iPhone = Release|iPhone
		Release|iPhoneSimulator = Release|iPhoneSimulator
	EndGlobalSection
	GlobalSection(ProjectConfigurationPlatforms) = postSolution
		{C6A45D00-7D2B-47B5-90FA-FAF0B65B4B37}.Ad-Hoc|Any CPU.ActiveCfg = Release|Any CPU
		{C6A45D00-7D2B-47B5-90FA-FAF0B65B4B37}.Ad-Hoc|Any CPU.Build.0 = Release|Any CPU
		{C6A45D00-7D2B-47B5-90FA-FAF0B65B4B37}.Ad-Hoc|Any CPU.Deploy.0 = Release|Any CPU
		{C6A45D00-7D2B-47B5-90FA-FAF0B65B4B37}.Ad-Hoc|iPhone.ActiveCfg = Release|Any CPU
		{C6A45D00-7D2B-47B5-90FA-FAF0B65B4B37}.Ad-Hoc|iPhone.Build.0 = Release|Any CPU
		{C6A45D00-7D2B-47B5-90FA-FAF0B65B4B37}.Ad-Hoc|iPhone.Deploy.0 = Release|Any CPU
		{C6A45D00-7D2B-47B5-90FA-FAF0B65B4B37}.Ad-Hoc|iPhoneSimulator.ActiveCfg = Release|Any CPU
		{C6A45D00-7D2B-47B5-90FA-FAF0B65B4B37}.Ad-Hoc|iPhoneSimulator.Build.0 = Release|Any CPU
		{C6A45D00-7D2B-47B5-90FA-FAF0B65B4B37}.Ad-Hoc|iPhoneSimulator.Deploy.0 = Release|Any CPU
		{C6A45D00-7D2B-47B5-90FA-FAF0B65B4B37}.AppStore|Any CPU.ActiveCfg = Release|Any CPU
		{C6A45D00-7D2B-47B5-90FA-FAF0B65B4B37}.AppStore|Any CPU.Build.0 = Release|Any CPU
		{C6A45D00-7D2B-47B5-90FA-FAF0B65B4B37}.AppStore|Any CPU.Deploy.0 = Release|Any CPU
		{C6A45D00-7D2B-47B5-90FA-FAF0B65B4B37}.AppStore|iPhone.ActiveCfg = Release|Any CPU
		{C6A45D00-7D2B-47B5-90FA-FAF0B65B4B37}.AppStore|iPhone.Build.0 = Release|Any CPU
		{C6A45D00-7D2B-47B5-90FA-FAF0B65B4B37}.AppStore|iPhone.Deploy.0 = Release|Any CPU
		{C6A45D00-7D2B-47B5-90FA-FAF0B65B4B37}.AppStore|iPhoneSimulator.ActiveCfg = Release|Any CPU
		{C6A45D00-7D2B-47B5-90FA-FAF0B65B4B37}.AppStore|iPhoneSimulator.Build.0 = Release|Any CPU
		{C6A45D00-7D2B-47B5-90FA-FAF0B65B4B37}.AppStore|iPhoneSimulator.Deploy.0 = Release|Any CPU
		{C6A45D00-7D2B-47B5-90FA-FAF0B65B4B37}.Debug|Any CPU.ActiveCfg = Debug|Any CPU
		{C6A45D00-7D2B-47B5-90FA-FAF0B65B4B37}.Debug|Any CPU.Build.0 = Debug|Any CPU
		{C6A45D00-7D2B-47B5-90FA-FAF0B65B4B37}.Debug|Any CPU.Deploy.0 = Debug|Any CPU
		{C6A45D00-7D2B-47B5-90FA-FAF0B65B4B37}.Debug|iPhone.ActiveCfg = Debug|Any CPU
		{C6A45D00-7D2B-47B5-90FA-FAF0B65B4B37}.Debug|iPhone.Build.0 = Debug|Any CPU
		{C6A45D00-7D2B-47B5-90FA-FAF0B65B4B37}.Debug|iPhone.Deploy.0 = Debug|Any CPU
		{C6A45D00-7D2B-47B5-90FA-FAF0B65B4B37}.Debug|iPhoneSimulator.ActiveCfg = Debug|Any CPU
		{C6A45D00-7D2B-47B5-90FA-FAF0B65B4B37}.Debug|iPhoneSimulator.Build.0 = Debug|Any CPU
		{C6A45D00-7D2B-47B5-90FA-FAF0B65B4B37}.Debug|iPhoneSimulator.Deploy.0 = Debug|Any CPU
		{C6A45D00-7D2B-47B5-90FA-FAF0B65B4B37}.Release|Any CPU.ActiveCfg = Release|Any CPU
		{C6A45D00-7D2B-47B5-90FA-FAF0B65B4B37}.Release|Any CPU.Build.0 = Release|Any CPU
		{C6A45D00-7D2B-47B5-90FA-FAF0B65B4B37}.Release|Any CPU.Deploy.0 = Release|Any CPU
		{C6A45D00-7D2B-47B5-90FA-FAF0B65B4B37}.Release|iPhone.ActiveCfg = Release|Any CPU
		{C6A45D00-7D2B-47B5-90FA-FAF0B65B4B37}.Release|iPhone.Build.0 = Release|Any CPU
		{C6A45D00-7D2B-47B5-90FA-FAF0B65B4B37}.Release|iPhone.Deploy.0 = Release|Any CPU
		{C6A45D00-7D2B-47B5-90FA-FAF0B65B4B37}.Release|iPhoneSimulator.ActiveCfg = Release|Any CPU
		{C6A45D00-7D2B-47B5-90FA-FAF0B65B4B37}.Release|iPhoneSimulator.Build.0 = Release|Any CPU
		{C6A45D00-7D2B-47B5-90FA-FAF0B65B4B37}.Release|iPhoneSimulator.Deploy.0 = Release|Any CPU
		{0880D771-3A0B-4337-AA95-118003D422CB}.Ad-Hoc|Any CPU.ActiveCfg = Ad-Hoc|iPhone
		{0880D771-3A0B-4337-AA95-118003D422CB}.Ad-Hoc|Any CPU.Build.0 = Ad-Hoc|iPhone
		{0880D771-3A0B-4337-AA95-118003D422CB}.Ad-Hoc|Any CPU.Deploy.0 = Ad-Hoc|iPhone
		{0880D771-3A0B-4337-AA95-118003D422CB}.Ad-Hoc|iPhone.ActiveCfg = Ad-Hoc|iPhone
		{0880D771-3A0B-4337-AA95-118003D422CB}.Ad-Hoc|iPhone.Build.0 = Ad-Hoc|iPhone
		{0880D771-3A0B-4337-AA95-118003D422CB}.Ad-Hoc|iPhone.Deploy.0 = Ad-Hoc|iPhone
		{0880D771-3A0B-4337-AA95-118003D422CB}.Ad-Hoc|iPhoneSimulator.ActiveCfg = Ad-Hoc|iPhoneSimulator
		{0880D771-3A0B-4337-AA95-118003D422CB}.Ad-Hoc|iPhoneSimulator.Build.0 = Ad-Hoc|iPhoneSimulator
		{0880D771-3A0B-4337-AA95-118003D422CB}.Ad-Hoc|iPhoneSimulator.Deploy.0 = Ad-Hoc|iPhoneSimulator
		{0880D771-3A0B-4337-AA95-118003D422CB}.AppStore|Any CPU.ActiveCfg = AppStore|iPhone
		{0880D771-3A0B-4337-AA95-118003D422CB}.AppStore|Any CPU.Build.0 = AppStore|iPhone
		{0880D771-3A0B-4337-AA95-118003D422CB}.AppStore|Any CPU.Deploy.0 = AppStore|iPhone
		{0880D771-3A0B-4337-AA95-118003D422CB}.AppStore|iPhone.ActiveCfg = AppStore|iPhone
		{0880D771-3A0B-4337-AA95-118003D422CB}.AppStore|iPhone.Build.0 = AppStore|iPhone
		{0880D771-3A0B-4337-AA95-118003D422CB}.AppStore|iPhone.Deploy.0 = AppStore|iPhone
		{0880D771-3A0B-4337-AA95-118003D422CB}.AppStore|iPhoneSimulator.ActiveCfg = AppStore|iPhoneSimulator
		{0880D771-3A0B-4337-AA95-118003D422CB}.AppStore|iPhoneSimulator.Build.0 = AppStore|iPhoneSimulator
		{0880D771-3A0B-4337-AA95-118003D422CB}.AppStore|iPhoneSimulator.Deploy.0 = AppStore|iPhoneSimulator
		{0880D771-3A0B-4337-AA95-118003D422CB}.Debug|Any CPU.ActiveCfg = Debug|iPhoneSimulator
		{0880D771-3A0B-4337-AA95-118003D422CB}.Debug|Any CPU.Build.0 = Debug|iPhoneSimulator
		{0880D771-3A0B-4337-AA95-118003D422CB}.Debug|Any CPU.Deploy.0 = Debug|iPhoneSimulator
		{0880D771-3A0B-4337-AA95-118003D422CB}.Debug|iPhone.ActiveCfg = Debug|iPhone
		{0880D771-3A0B-4337-AA95-118003D422CB}.Debug|iPhone.Build.0 = Debug|iPhone
		{0880D771-3A0B-4337-AA95-118003D422CB}.Debug|iPhone.Deploy.0 = Debug|iPhone
		{0880D771-3A0B-4337-AA95-118003D422CB}.Debug|iPhoneSimulator.ActiveCfg = Debug|iPhoneSimulator
		{0880D771-3A0B-4337-AA95-118003D422CB}.Debug|iPhoneSimulator.Build.0 = Debug|iPhoneSimulator
		{0880D771-3A0B-4337-AA95-118003D422CB}.Debug|iPhoneSimulator.Deploy.0 = Debug|iPhoneSimulator
		{0880D771-3A0B-4337-AA95-118003D422CB}.Release|Any CPU.ActiveCfg = Release|iPhone
		{0880D771-3A0B-4337-AA95-118003D422CB}.Release|Any CPU.Build.0 = Release|iPhone
		{0880D771-3A0B-4337-AA95-118003D422CB}.Release|Any CPU.Deploy.0 = Release|iPhone
		{0880D771-3A0B-4337-AA95-118003D422CB}.Release|iPhone.ActiveCfg = Release|iPhone
		{0880D771-3A0B-4337-AA95-118003D422CB}.Release|iPhone.Build.0 = Release|iPhone
		{0880D771-3A0B-4337-AA95-118003D422CB}.Release|iPhone.Deploy.0 = Release|iPhone
		{0880D771-3A0B-4337-AA95-118003D422CB}.Release|iPhoneSimulator.ActiveCfg = Release|iPhoneSimulator
		{0880D771-3A0B-4337-AA95-118003D422CB}.Release|iPhoneSimulator.Build.0 = Release|iPhoneSimulator
		{0880D771-3A0B-4337-AA95-118003D422CB}.Release|iPhoneSimulator.Deploy.0 = Release|iPhoneSimulator
		{2B80C8A5-7D59-47D8-A5C0-13EFCC177E6B}.Ad-Hoc|Any CPU.ActiveCfg = Debug|Any CPU
		{2B80C8A5-7D59-47D8-A5C0-13EFCC177E6B}.Ad-Hoc|Any CPU.Build.0 = Debug|Any CPU
		{2B80C8A5-7D59-47D8-A5C0-13EFCC177E6B}.Ad-Hoc|Any CPU.Deploy.0 = Debug|Any CPU
		{2B80C8A5-7D59-47D8-A5C0-13EFCC177E6B}.Ad-Hoc|iPhone.ActiveCfg = Debug|Any CPU
		{2B80C8A5-7D59-47D8-A5C0-13EFCC177E6B}.Ad-Hoc|iPhone.Build.0 = Debug|Any CPU
		{2B80C8A5-7D59-47D8-A5C0-13EFCC177E6B}.Ad-Hoc|iPhone.Deploy.0 = Debug|Any CPU
		{2B80C8A5-7D59-47D8-A5C0-13EFCC177E6B}.Ad-Hoc|iPhoneSimulator.ActiveCfg = Debug|Any CPU
		{2B80C8A5-7D59-47D8-A5C0-13EFCC177E6B}.Ad-Hoc|iPhoneSimulator.Build.0 = Debug|Any CPU
		{2B80C8A5-7D59-47D8-A5C0-13EFCC177E6B}.Ad-Hoc|iPhoneSimulator.Deploy.0 = Debug|Any CPU
		{2B80C8A5-7D59-47D8-A5C0-13EFCC177E6B}.AppStore|Any CPU.ActiveCfg = Debug|Any CPU
		{2B80C8A5-7D59-47D8-A5C0-13EFCC177E6B}.AppStore|Any CPU.Build.0 = Debug|Any CPU
		{2B80C8A5-7D59-47D8-A5C0-13EFCC177E6B}.AppStore|Any CPU.Deploy.0 = Debug|Any CPU
		{2B80C8A5-7D59-47D8-A5C0-13EFCC177E6B}.AppStore|iPhone.ActiveCfg = Debug|Any CPU
		{2B80C8A5-7D59-47D8-A5C0-13EFCC177E6B}.AppStore|iPhone.Build.0 = Debug|Any CPU
		{2B80C8A5-7D59-47D8-A5C0-13EFCC177E6B}.AppStore|iPhone.Deploy.0 = Debug|Any CPU
		{2B80C8A5-7D59-47D8-A5C0-13EFCC177E6B}.AppStore|iPhoneSimulator.ActiveCfg = Debug|Any CPU
		{2B80C8A5-7D59-47D8-A5C0-13EFCC177E6B}.AppStore|iPhoneSimulator.Build.0 = Debug|Any CPU
		{2B80C8A5-7D59-47D8-A5C0-13EFCC177E6B}.AppStore|iPhoneSimulator.Deploy.0 = Debug|Any CPU
		{2B80C8A5-7D59-47D8-A5C0-13EFCC177E6B}.Debug|Any CPU.ActiveCfg = Debug|Any CPU
		{2B80C8A5-7D59-47D8-A5C0-13EFCC177E6B}.Debug|Any CPU.Build.0 = Debug|Any CPU
		{2B80C8A5-7D59-47D8-A5C0-13EFCC177E6B}.Debug|Any CPU.Deploy.0 = Debug|Any CPU
		{2B80C8A5-7D59-47D8-A5C0-13EFCC177E6B}.Debug|iPhone.ActiveCfg = Debug|Any CPU
		{2B80C8A5-7D59-47D8-A5C0-13EFCC177E6B}.Debug|iPhone.Build.0 = Debug|Any CPU
		{2B80C8A5-7D59-47D8-A5C0-13EFCC177E6B}.Debug|iPhone.Deploy.0 = Debug|Any CPU
		{2B80C8A5-7D59-47D8-A5C0-13EFCC177E6B}.Debug|iPhoneSimulator.ActiveCfg = Debug|Any CPU
		{2B80C8A5-7D59-47D8-A5C0-13EFCC177E6B}.Debug|iPhoneSimulator.Build.0 = Debug|Any CPU
		{2B80C8A5-7D59-47D8-A5C0-13EFCC177E6B}.Debug|iPhoneSimulator.Deploy.0 = Debug|Any CPU
		{2B80C8A5-7D59-47D8-A5C0-13EFCC177E6B}.Release|Any CPU.ActiveCfg = Release|Any CPU
		{2B80C8A5-7D59-47D8-A5C0-13EFCC177E6B}.Release|Any CPU.Build.0 = Release|Any CPU
		{2B80C8A5-7D59-47D8-A5C0-13EFCC177E6B}.Release|Any CPU.Deploy.0 = Release|Any CPU
		{2B80C8A5-7D59-47D8-A5C0-13EFCC177E6B}.Release|iPhone.ActiveCfg = Release|Any CPU
		{2B80C8A5-7D59-47D8-A5C0-13EFCC177E6B}.Release|iPhone.Build.0 = Release|Any CPU
		{2B80C8A5-7D59-47D8-A5C0-13EFCC177E6B}.Release|iPhone.Deploy.0 = Release|Any CPU
		{2B80C8A5-7D59-47D8-A5C0-13EFCC177E6B}.Release|iPhoneSimulator.ActiveCfg = Release|Any CPU
		{2B80C8A5-7D59-47D8-A5C0-13EFCC177E6B}.Release|iPhoneSimulator.Build.0 = Release|Any CPU
		{2B80C8A5-7D59-47D8-A5C0-13EFCC177E6B}.Release|iPhoneSimulator.Deploy.0 = Release|Any CPU
		{6332B54E-BE83-4C23-A432-9E5949775BAA}.Ad-Hoc|Any CPU.ActiveCfg = Release|Any CPU
		{6332B54E-BE83-4C23-A432-9E5949775BAA}.Ad-Hoc|Any CPU.Build.0 = Release|Any CPU
		{6332B54E-BE83-4C23-A432-9E5949775BAA}.Ad-Hoc|iPhone.ActiveCfg = Release|Any CPU
		{6332B54E-BE83-4C23-A432-9E5949775BAA}.Ad-Hoc|iPhone.Build.0 = Release|Any CPU
		{6332B54E-BE83-4C23-A432-9E5949775BAA}.Ad-Hoc|iPhoneSimulator.ActiveCfg = Release|Any CPU
		{6332B54E-BE83-4C23-A432-9E5949775BAA}.Ad-Hoc|iPhoneSimulator.Build.0 = Release|Any CPU
		{6332B54E-BE83-4C23-A432-9E5949775BAA}.AppStore|Any CPU.ActiveCfg = Release|Any CPU
		{6332B54E-BE83-4C23-A432-9E5949775BAA}.AppStore|Any CPU.Build.0 = Release|Any CPU
		{6332B54E-BE83-4C23-A432-9E5949775BAA}.AppStore|iPhone.ActiveCfg = Release|Any CPU
		{6332B54E-BE83-4C23-A432-9E5949775BAA}.AppStore|iPhone.Build.0 = Release|Any CPU
		{6332B54E-BE83-4C23-A432-9E5949775BAA}.AppStore|iPhoneSimulator.ActiveCfg = Release|Any CPU
		{6332B54E-BE83-4C23-A432-9E5949775BAA}.AppStore|iPhoneSimulator.Build.0 = Release|Any CPU
		{6332B54E-BE83-4C23-A432-9E5949775BAA}.Debug|Any CPU.ActiveCfg = Debug|Any CPU
		{6332B54E-BE83-4C23-A432-9E5949775BAA}.Debug|Any CPU.Build.0 = Debug|Any CPU
		{6332B54E-BE83-4C23-A432-9E5949775BAA}.Debug|iPhone.ActiveCfg = Debug|Any CPU
		{6332B54E-BE83-4C23-A432-9E5949775BAA}.Debug|iPhone.Build.0 = Debug|Any CPU
		{6332B54E-BE83-4C23-A432-9E5949775BAA}.Debug|iPhoneSimulator.ActiveCfg = Debug|Any CPU
		{6332B54E-BE83-4C23-A432-9E5949775BAA}.Debug|iPhoneSimulator.Build.0 = Debug|Any CPU
		{6332B54E-BE83-4C23-A432-9E5949775BAA}.Release|Any CPU.ActiveCfg = Release|Any CPU
		{6332B54E-BE83-4C23-A432-9E5949775BAA}.Release|Any CPU.Build.0 = Release|Any CPU
		{6332B54E-BE83-4C23-A432-9E5949775BAA}.Release|iPhone.ActiveCfg = Release|Any CPU
		{6332B54E-BE83-4C23-A432-9E5949775BAA}.Release|iPhone.Build.0 = Release|Any CPU
		{6332B54E-BE83-4C23-A432-9E5949775BAA}.Release|iPhoneSimulator.ActiveCfg = Release|Any CPU
		{6332B54E-BE83-4C23-A432-9E5949775BAA}.Release|iPhoneSimulator.Build.0 = Release|Any CPU
		{BDF4A50C-1F86-43D2-A10A-278F05296A40}.Ad-Hoc|Any CPU.ActiveCfg = Release|Any CPU
		{BDF4A50C-1F86-43D2-A10A-278F05296A40}.Ad-Hoc|Any CPU.Build.0 = Release|Any CPU
		{BDF4A50C-1F86-43D2-A10A-278F05296A40}.Ad-Hoc|iPhone.ActiveCfg = Release|Any CPU
		{BDF4A50C-1F86-43D2-A10A-278F05296A40}.Ad-Hoc|iPhone.Build.0 = Release|Any CPU
		{BDF4A50C-1F86-43D2-A10A-278F05296A40}.Ad-Hoc|iPhoneSimulator.ActiveCfg = Release|Any CPU
		{BDF4A50C-1F86-43D2-A10A-278F05296A40}.Ad-Hoc|iPhoneSimulator.Build.0 = Release|Any CPU
		{BDF4A50C-1F86-43D2-A10A-278F05296A40}.AppStore|Any CPU.ActiveCfg = Release|Any CPU
		{BDF4A50C-1F86-43D2-A10A-278F05296A40}.AppStore|Any CPU.Build.0 = Release|Any CPU
		{BDF4A50C-1F86-43D2-A10A-278F05296A40}.AppStore|iPhone.ActiveCfg = Release|Any CPU
		{BDF4A50C-1F86-43D2-A10A-278F05296A40}.AppStore|iPhone.Build.0 = Release|Any CPU
		{BDF4A50C-1F86-43D2-A10A-278F05296A40}.AppStore|iPhoneSimulator.ActiveCfg = Release|Any CPU
		{BDF4A50C-1F86-43D2-A10A-278F05296A40}.AppStore|iPhoneSimulator.Build.0 = Release|Any CPU
		{BDF4A50C-1F86-43D2-A10A-278F05296A40}.Debug|Any CPU.ActiveCfg = Debug|Any CPU
		{BDF4A50C-1F86-43D2-A10A-278F05296A40}.Debug|Any CPU.Build.0 = Debug|Any CPU
		{BDF4A50C-1F86-43D2-A10A-278F05296A40}.Debug|iPhone.ActiveCfg = Debug|Any CPU
		{BDF4A50C-1F86-43D2-A10A-278F05296A40}.Debug|iPhone.Build.0 = Debug|Any CPU
		{BDF4A50C-1F86-43D2-A10A-278F05296A40}.Debug|iPhoneSimulator.ActiveCfg = Debug|Any CPU
		{BDF4A50C-1F86-43D2-A10A-278F05296A40}.Debug|iPhoneSimulator.Build.0 = Debug|Any CPU
		{BDF4A50C-1F86-43D2-A10A-278F05296A40}.Release|Any CPU.ActiveCfg = Release|Any CPU
		{BDF4A50C-1F86-43D2-A10A-278F05296A40}.Release|Any CPU.Build.0 = Release|Any CPU
		{BDF4A50C-1F86-43D2-A10A-278F05296A40}.Release|iPhone.ActiveCfg = Release|Any CPU
		{BDF4A50C-1F86-43D2-A10A-278F05296A40}.Release|iPhone.Build.0 = Release|Any CPU
		{BDF4A50C-1F86-43D2-A10A-278F05296A40}.Release|iPhoneSimulator.ActiveCfg = Release|Any CPU
		{BDF4A50C-1F86-43D2-A10A-278F05296A40}.Release|iPhoneSimulator.Build.0 = Release|Any CPU
		{EA5484CE-FAF1-4D3A-951D-C4B8783EAE31}.Ad-Hoc|Any CPU.ActiveCfg = Release|Any CPU
		{EA5484CE-FAF1-4D3A-951D-C4B8783EAE31}.Ad-Hoc|Any CPU.Build.0 = Release|Any CPU
		{EA5484CE-FAF1-4D3A-951D-C4B8783EAE31}.Ad-Hoc|iPhone.ActiveCfg = Release|Any CPU
		{EA5484CE-FAF1-4D3A-951D-C4B8783EAE31}.Ad-Hoc|iPhone.Build.0 = Release|Any CPU
		{EA5484CE-FAF1-4D3A-951D-C4B8783EAE31}.Ad-Hoc|iPhoneSimulator.ActiveCfg = Release|Any CPU
		{EA5484CE-FAF1-4D3A-951D-C4B8783EAE31}.Ad-Hoc|iPhoneSimulator.Build.0 = Release|Any CPU
		{EA5484CE-FAF1-4D3A-951D-C4B8783EAE31}.AppStore|Any CPU.ActiveCfg = Release|Any CPU
		{EA5484CE-FAF1-4D3A-951D-C4B8783EAE31}.AppStore|Any CPU.Build.0 = Release|Any CPU
		{EA5484CE-FAF1-4D3A-951D-C4B8783EAE31}.AppStore|iPhone.ActiveCfg = Release|Any CPU
		{EA5484CE-FAF1-4D3A-951D-C4B8783EAE31}.AppStore|iPhone.Build.0 = Release|Any CPU
		{EA5484CE-FAF1-4D3A-951D-C4B8783EAE31}.AppStore|iPhoneSimulator.ActiveCfg = Release|Any CPU
		{EA5484CE-FAF1-4D3A-951D-C4B8783EAE31}.AppStore|iPhoneSimulator.Build.0 = Release|Any CPU
		{EA5484CE-FAF1-4D3A-951D-C4B8783EAE31}.Debug|Any CPU.ActiveCfg = Debug|Any CPU
		{EA5484CE-FAF1-4D3A-951D-C4B8783EAE31}.Debug|Any CPU.Build.0 = Debug|Any CPU
		{EA5484CE-FAF1-4D3A-951D-C4B8783EAE31}.Debug|iPhone.ActiveCfg = Debug|Any CPU
		{EA5484CE-FAF1-4D3A-951D-C4B8783EAE31}.Debug|iPhone.Build.0 = Debug|Any CPU
		{EA5484CE-FAF1-4D3A-951D-C4B8783EAE31}.Debug|iPhoneSimulator.ActiveCfg = Debug|Any CPU
		{EA5484CE-FAF1-4D3A-951D-C4B8783EAE31}.Debug|iPhoneSimulator.Build.0 = Debug|Any CPU
		{EA5484CE-FAF1-4D3A-951D-C4B8783EAE31}.Release|Any CPU.ActiveCfg = Release|Any CPU
		{EA5484CE-FAF1-4D3A-951D-C4B8783EAE31}.Release|Any CPU.Build.0 = Release|Any CPU
		{EA5484CE-FAF1-4D3A-951D-C4B8783EAE31}.Release|iPhone.ActiveCfg = Release|Any CPU
		{EA5484CE-FAF1-4D3A-951D-C4B8783EAE31}.Release|iPhone.Build.0 = Release|Any CPU
		{EA5484CE-FAF1-4D3A-951D-C4B8783EAE31}.Release|iPhoneSimulator.ActiveCfg = Release|Any CPU
		{EA5484CE-FAF1-4D3A-951D-C4B8783EAE31}.Release|iPhoneSimulator.Build.0 = Release|Any CPU
	EndGlobalSection
	GlobalSection(SolutionProperties) = preSolution
		HideSolutionNode = FALSE
	EndGlobalSection
	GlobalSection(ExtensibilityGlobals) = postSolution
		SolutionGuid = {F10E9379-DA8B-4DEA-BFF6-EFE8B903879A}
	EndGlobalSection
EndGlobal
